
Microsoft Visual Studio Solution File, Format Version 12.00
# Visual Studio 15
VisualStudioVersion = 15.0.27130.2026
MinimumVisualStudioVersion = 10.0.40219.1
Project("{FAE04EC0-301F-11D3-BF4B-00C04F79EFBC}") = "Library Statistics Reader", "Library Statistics Reader\Library Statistics Reader.csproj", "{EEB817DD-EF29-42A9-A37E-D50E973F93FC}"
EndProject
Global
	GlobalSection(SolutionConfigurationPlatforms) = preSolution
		Debug|Any CPU = Debug|Any CPU
		Release|Any CPU = Release|Any CPU
	EndGlobalSection
	GlobalSection(ProjectConfigurationPlatforms) = postSolution
		{EEB817DD-EF29-42A9-A37E-D50E973F93FC}.Debug|Any CPU.ActiveCfg = Debug|Any CPU
		{EEB817DD-EF29-42A9-A37E-D50E973F93FC}.Debug|Any CPU.Build.0 = Debug|Any CPU
		{EEB817DD-EF29-42A9-A37E-D50E973F93FC}.Release|Any CPU.ActiveCfg = Release|Any CPU
		{EEB817DD-EF29-42A9-A37E-D50E973F93FC}.Release|Any CPU.Build.0 = Release|Any CPU
	EndGlobalSection
	GlobalSection(SolutionProperties) = preSolution
		HideSolutionNode = FALSE
	EndGlobalSection
	GlobalSection(ExtensibilityGlobals) = postSolution
		SolutionGuid = {A1CAD9AF-6777-4660-95C2-137CD2DEFA2D}
	EndGlobalSection
EndGlobal
